<?xml version="1.0" encoding="utf-8"?>
<Project ToolsVersion="4.0" xmlns="http://schemas.microsoft.com/developer/msbuild/2003">
  <ItemGroup>
    <Filter Include="Source Files">
      <UniqueIdentifier>{4FC737F1-C7A5-4376-A066-2A32D752A2FF}</UniqueIdentifier>
      <Extensions>cpp;c;cc;cxx;def;odl;idl;hpj;bat;asm;asmx</Extensions>
    </Filter>
    <Filter Include="Header Files">
      <UniqueIdentifier>{93995380-89BD-4b04-88EB-625FBE52EBFB}</UniqueIdentifier>
      <Extensions>h;hh;hpp;hxx;hm;inl;inc;xsd</Extensions>
    </Filter>
    <Filter Include="Source Files\patch">
      <UniqueIdentifier>{fe73dde0-3475-4a29-af7a-9f9749a60f96}</UniqueIdentifier>
    </Filter>
    <Filter Include="Source Files\console">
      <UniqueIdentifier>{55e16ac0-7821-450b-8dc9-1193f43d1068}</UniqueIdentifier>
    </Filter>
    <Filter Include="Header Files\constants">
      <UniqueIdentifier>{834623c2-4142-457f-ab04-442b2e4d64dd}</UniqueIdentifier>
    </Filter>
    <Filter Include="Header Files\common">
      <UniqueIdentifier>{ccef54d6-b248-4fa1-a381-77e55f60091b}</UniqueIdentifier>
    </Filter>
    <Filter Include="Header Files\console">
      <UniqueIdentifier>{c1a88f22-2b2c-4c04-a226-64a1b736ecd7}</UniqueIdentifier>
    </Filter>
    <Filter Include="Header Files\patch">
      <UniqueIdentifier>{d6b89c8f-19ab-468d-95cb-63e902536d00}</UniqueIdentifier>
    </Filter>
  </ItemGroup>
  <ItemGroup>
    <ClCompile Include="src\ai.cpp">
      <Filter>Source Files</Filter>
    </ClCompile>
    <ClCompile Include="src\ai_hit_reactions.cpp">
      <Filter>Source Files</Filter>
    </ClCompile>
    <ClCompile Include="src\bullet.cpp">
      <Filter>Source Files</Filter>
    </ClCompile>
    <ClCompile Include="src\bunker.cpp">
      <Filter>Source Files</Filter>
    </ClCompile>
    <ClCompile Include="src\bwlauncher.cpp">
      <Filter>Source Files</Filter>
    </ClCompile>
    <ClCompile Include="src\commands.cpp">
      <Filter>Source Files</Filter>
    </ClCompile>
    <ClCompile Include="src\console\assert.cpp">
      <Filter>Source Files\console</Filter>
    </ClCompile>
    <ClCompile Include="src\console\cmdargs.cpp">
      <Filter>Source Files\console</Filter>
    </ClCompile>
    <ClCompile Include="src\console\console.cpp">
      <Filter>Source Files\console</Filter>
    </ClCompile>
    <ClCompile Include="src\console\font.cpp">
      <Filter>Source Files\console</Filter>
    </ClCompile>
    <ClCompile Include="src\console\genericconsole.cpp">
      <Filter>Source Files\console</Filter>
    </ClCompile>
    <ClCompile Include="src\dat.cpp">
      <Filter>Source Files</Filter>
    </ClCompile>
    <ClCompile Include="src\datastream.cpp">
      <Filter>Source Files</Filter>
    </ClCompile>
    <ClCompile Include="src\dialog.cpp">
      <Filter>Source Files</Filter>
    </ClCompile>
    <ClCompile Include="src\draw.cpp">
      <Filter>Source Files</Filter>
    </ClCompile>
    <ClCompile Include="src\flingy.cpp">
      <Filter>Source Files</Filter>
    </ClCompile>
    <ClCompile Include="src\game.cpp">
      <Filter>Source Files</Filter>
    </ClCompile>
    <ClCompile Include="src\image.cpp">
      <Filter>Source Files</Filter>
    </ClCompile>
    <ClCompile Include="src\init.cpp">
      <Filter>Source Files</Filter>
    </ClCompile>
    <ClCompile Include="src\iscript.cpp">
      <Filter>Source Files</Filter>
    </ClCompile>
    <ClCompile Include="src\limits.cpp">
      <Filter>Source Files</Filter>
    </ClCompile>
    <ClCompile Include="src\lofile.cpp">
      <Filter>Source Files</Filter>
    </ClCompile>
    <ClCompile Include="src\log.cpp">
      <Filter>Source Files</Filter>
    </ClCompile>
    <ClCompile Include="src\mainpatch.cpp">
      <Filter>Source Files</Filter>
    </ClCompile>
    <ClCompile Include="src\mpqdraft.cpp">
      <Filter>Source Files</Filter>
    </ClCompile>
    <ClCompile Include="src\nuke.cpp">
      <Filter>Source Files</Filter>
    </ClCompile>
    <ClCompile Include="src\offsets_funcs.cpp">
      <Filter>Source Files</Filter>
    </ClCompile>
    <ClCompile Include="src\order.cpp">
      <Filter>Source Files</Filter>
    </ClCompile>
    <ClCompile Include="src\patch\memory.cpp">
      <Filter>Source Files\patch</Filter>
    </ClCompile>
    <ClCompile Include="src\patch\patchmanager.cpp">
      <Filter>Source Files\patch</Filter>
    </ClCompile>
    <ClCompile Include="src\patch\x86.cpp">
      <Filter>Source Files\patch</Filter>
    </ClCompile>
    <ClCompile Include="src\pathing.cpp">
      <Filter>Source Files</Filter>
    </ClCompile>
    <ClCompile Include="src\perfclock.cpp">
      <Filter>Source Files</Filter>
    </ClCompile>
    <ClCompile Include="src\player.cpp">
      <Filter>Source Files</Filter>
    </ClCompile>
    <ClCompile Include="src\replay.cpp">
      <Filter>Source Files</Filter>
    </ClCompile>
    <ClCompile Include="src\save.cpp">
      <Filter>Source Files</Filter>
    </ClCompile>
    <ClCompile Include="src\scconsole.cpp">
      <Filter>Source Files</Filter>
    </ClCompile>
    <ClCompile Include="src\scthread.cpp">
      <Filter>Source Files</Filter>
    </ClCompile>
    <ClCompile Include="src\selection.cpp">
      <Filter>Source Files</Filter>
    </ClCompile>
    <ClCompile Include="src\sound.cpp">
      <Filter>Source Files</Filter>
    </ClCompile>
    <ClCompile Include="src\sprite.cpp">
      <Filter>Source Files</Filter>
    </ClCompile>
    <ClCompile Include="src\strings.cpp">
      <Filter>Source Files</Filter>
    </ClCompile>
    <ClCompile Include="src\targeting.cpp">
      <Filter>Source Files</Filter>
    </ClCompile>
    <ClCompile Include="src\tech.cpp">
      <Filter>Source Files</Filter>
    </ClCompile>
    <ClCompile Include="src\test_game.cpp">
      <Filter>Source Files</Filter>
    </ClCompile>
    <ClCompile Include="src\text.cpp">
      <Filter>Source Files</Filter>
    </ClCompile>
    <ClCompile Include="src\triggers.cpp">
      <Filter>Source Files</Filter>
    </ClCompile>
    <ClCompile Include="src\unit.cpp">
      <Filter>Source Files</Filter>
    </ClCompile>
    <ClCompile Include="src\unit_ai.cpp">
      <Filter>Source Files</Filter>
    </ClCompile>
    <ClCompile Include="src\unit_build.cpp">
      <Filter>Source Files</Filter>
    </ClCompile>
    <ClCompile Include="src\unit_death.cpp">
      <Filter>Source Files</Filter>
    </ClCompile>
    <ClCompile Include="src\unit_movement.cpp">
      <Filter>Source Files</Filter>
    </ClCompile>
    <ClCompile Include="src\unit_type.cpp">
      <Filter>Source Files</Filter>
    </ClCompile>
    <ClCompile Include="src\unitsearch.cpp">
      <Filter>Source Files</Filter>
    </ClCompile>
    <ClCompile Include="src\unitsearch_cache.cpp">
      <Filter>Source Files</Filter>
    </ClCompile>
    <ClCompile Include="src\upgrade.cpp">
      <Filter>Source Files</Filter>
    </ClCompile>
    <ClCompile Include="src\warn.cpp">
      <Filter>Source Files</Filter>
    </ClCompile>
    <ClCompile Include="src\yms.cpp">
      <Filter>Source Files</Filter>
    </ClCompile>
    <ClInclude Include="src\MPQDraftPlugin.h">
      <Filter>Header Files</Filter>
    </ClInclude>
    <ClInclude Include="src\ai.h">
      <Filter>Header Files</Filter>
    </ClInclude>
    <ClInclude Include="src\ai_hit_reactions.h">
      <Filter>Header Files</Filter>
    </ClInclude>
    <ClInclude Include="src\bullet.h">
      <Filter>Header Files</Filter>
    </ClInclude>
    <ClInclude Include="src\bunker.h">
      <Filter>Header Files</Filter>
    </ClInclude>
    <ClInclude Include="src\commands.h">
      <Filter>Header Files</Filter>
    </ClInclude>
    <ClInclude Include="src\common\assert.h">
      <Filter>Header Files\common</Filter>
    </ClInclude>
    <ClInclude Include="src\common\claimable.h">
      <Filter>Header Files\common</Filter>
    </ClInclude>
    <ClInclude Include="src\common\iter.h">
      <Filter>Header Files\common</Filter>
    </ClInclude>
    <ClInclude Include="src\common\ll-deque.h">
      <Filter>Header Files\common</Filter>
    </ClInclude>
    <ClInclude Include="src\common\log_freeze.h">
      <Filter>Header Files\common</Filter>
    </ClInclude>
    <ClInclude Include="src\common\optional.h">
      <Filter>Header Files\common</Filter>
    </ClInclude>
    <ClInclude Include="src\common\vector.h">
      <Filter>Header Files\common</Filter>
    </ClInclude>
    <ClInclude Include="src\console\assert.h">
      <Filter>Header Files\console</Filter>
    </ClInclude>
    <ClInclude Include="src\console\cmdargs.h">
      <Filter>Header Files\console</Filter>
    </ClInclude>
    <ClInclude Include="src\console\console.h">
      <Filter>Header Files\console</Filter>
    </ClInclude>
    <ClInclude Include="src\console\font.h">
      <Filter>Header Files\console</Filter>
    </ClInclude>
    <ClInclude Include="src\console\genericconsole.h">
      <Filter>Header Files\console</Filter>
    </ClInclude>
    <ClInclude Include="src\console\surface.h">
      <Filter>Header Files\console</Filter>
    </ClInclude>
    <ClInclude Include="src\console\types.h">
      <Filter>Header Files\console</Filter>
    </ClInclude>
    <ClInclude Include="src\console\windows_wrap.h">
      <Filter>Header Files\console</Filter>
    </ClInclude>
    <ClInclude Include="src\constants\image.h">
      <Filter>Header Files\constants</Filter>
    </ClInclude>
    <ClInclude Include="src\constants\iscript.h">
      <Filter>Header Files\constants</Filter>
    </ClInclude>
    <ClInclude Include="src\constants\order.h">
      <Filter>Header Files\constants</Filter>
    </ClInclude>
    <ClInclude Include="src\constants\sound.h">
      <Filter>Header Files\constants</Filter>
    </ClInclude>
    <ClInclude Include="src\constants\sprite.h">
      <Filter>Header Files\constants</Filter>
    </ClInclude>
    <ClInclude Include="src\constants\string.h">
      <Filter>Header Files\constants</Filter>
    </ClInclude>
    <ClInclude Include="src\constants\tech.h">
      <Filter>Header Files\constants</Filter>
    </ClInclude>
    <ClInclude Include="src\constants\unit.h">
      <Filter>Header Files\constants</Filter>
    </ClInclude>
    <ClInclude Include="src\constants\upgrade.h">
      <Filter>Header Files\constants</Filter>
    </ClInclude>
    <ClInclude Include="src\constants\weapon.h">
      <Filter>Header Files\constants</Filter>
    </ClInclude>
    <ClInclude Include="src\damage_calculation.h">
      <Filter>Header Files</Filter>
    </ClInclude>
    <ClInclude Include="src\dat.h">
      <Filter>Header Files</Filter>
    </ClInclude>
    <ClInclude Include="src\datastream.h">
      <Filter>Header Files</Filter>
    </ClInclude>
    <ClInclude Include="src\dialog.h">
      <Filter>Header Files</Filter>
    </ClInclude>
    <ClInclude Include="src\draw.h">
      <Filter>Header Files</Filter>
    </ClInclude>
    <ClInclude Include="src\entity.h">
      <Filter>Header Files</Filter>
    </ClInclude>
    <ClInclude Include="src\flingy.h">
      <Filter>Header Files</Filter>
    </ClInclude>
    <ClInclude Include="src\game.h">
      <Filter>Header Files</Filter>
    </ClInclude>
    <ClInclude Include="src\image.h">
      <Filter>Header Files</Filter>
    </ClInclude>
    <ClInclude Include="src\init.h">
      <Filter>Header Files</Filter>
    </ClInclude>
    <ClInclude Include="src\iscript.h">
      <Filter>Header Files</Filter>
    </ClInclude>
    <ClInclude Include="src\limits.h">
      <Filter>Header Files</Filter>
    </ClInclude>
    <ClInclude Include="src\list.h">
      <Filter>Header Files</Filter>
    </ClInclude>
    <ClInclude Include="src\lofile.h">
      <Filter>Header Files</Filter>
    </ClInclude>
    <ClInclude Include="src\log.h">
      <Filter>Header Files</Filter>
    </ClInclude>
    <ClInclude Include="src\mainpatch.h">
      <Filter>Header Files</Filter>
    </ClInclude>
    <ClInclude Include="src\mapdirectory.h">
      <Filter>Header Files</Filter>
    </ClInclude>
    <ClInclude Include="src\mpqdraft.h">
      <Filter>Header Files</Filter>
    </ClInclude>
    <ClInclude Include="src\nuke.h">
      <Filter>Header Files</Filter>
    </ClInclude>
    <ClInclude Include="src\offsets.h">
      <Filter>Header Files</Filter>
    </ClInclude>
    <ClInclude Include="src\offsets_funcs.h">
      <Filter>Header Files</Filter>
    </ClInclude>
    <ClInclude Include="src\offsets_funcs_1161.h">
      <Filter>Header Files</Filter>
    </ClInclude>
    <ClInclude Include="src\offsets_hooks.h">
      <Filter>Header Files</Filter>
    </ClInclude>
    <ClInclude Include="src\order.h">
      <Filter>Header Files</Filter>
    </ClInclude>
    <ClInclude Include="src\patch\func.h">
      <Filter>Header Files\patch</Filter>
    </ClInclude>
    <ClInclude Include="src\patch\hook.h">
      <Filter>Header Files\patch</Filter>
    </ClInclude>
    <ClInclude Include="src\patch\memory.h">
      <Filter>Header Files\patch</Filter>
    </ClInclude>
    <ClInclude Include="src\patch\patchmanager.h">
      <Filter>Header Files\patch</Filter>
    </ClInclude>
    <ClInclude Include="src\patch\write_asm.h">
      <Filter>Header Files\patch</Filter>
    </ClInclude>
    <ClInclude Include="src\patch\x86.h">
      <Filter>Header Files\patch</Filter>
    </ClInclude>
    <ClInclude Include="src\pathing.h">
      <Filter>Header Files</Filter>
    </ClInclude>
    <ClInclude Include="src\perfclock.h">
      <Filter>Header Files</Filter>
    </ClInclude>
    <ClInclude Include="src\player.h">
      <Filter>Header Files</Filter>
    </ClInclude>
    <ClInclude Include="src\replay.h">
      <Filter>Header Files</Filter>
    </ClInclude>
    <ClInclude Include="src\resolution.h">
      <Filter>Header Files</Filter>
    </ClInclude>
    <ClInclude Include="src\rng.h">
      <Filter>Header Files</Filter>
    </ClInclude>
    <ClInclude Include="src\save.h">
      <Filter>Header Files</Filter>
    </ClInclude>
    <ClInclude Include="src\scconsole.h">
      <Filter>Header Files</Filter>
    </ClInclude>
    <ClInclude Include="src\scthread.h">
      <Filter>Header Files</Filter>
    </ClInclude>
    <ClInclude Include="src\selection.h">
      <Filter>Header Files</Filter>
    </ClInclude>
    <ClInclude Include="src\sound.h">
      <Filter>Header Files</Filter>
    </ClInclude>
    <ClInclude Include="src\sprite.h">
      <Filter>Header Files</Filter>
    </ClInclude>
    <ClInclude Include="src\strings.h">
      <Filter>Header Files</Filter>
    </ClInclude>
    <ClInclude Include="src\sync.h">
      <Filter>Header Files</Filter>
    </ClInclude>
    <ClInclude Include="src\targeting.h">
      <Filter>Header Files</Filter>
    </ClInclude>
    <ClInclude Include="src\tech.h">
      <Filter>Header Files</Filter>
    </ClInclude>
    <ClInclude Include="src\test_game.h">
      <Filter>Header Files</Filter>
    </ClInclude>
    <ClInclude Include="src\text.h">
      <Filter>Header Files</Filter>
    </ClInclude>
    <ClInclude Include="src\thread.h">
      <Filter>Header Files</Filter>
    </ClInclude>
    <ClInclude Include="src\triggers.h">
      <Filter>Header Files</Filter>
    </ClInclude>
    <ClInclude Include="src\types.h">
      <Filter>Header Files</Filter>
    </ClInclude>
    <ClInclude Include="src\unit.h">
      <Filter>Header Files</Filter>
    </ClInclude>
    <ClInclude Include="src\unit_cache.h">
      <Filter>Header Files</Filter>
    </ClInclude>
    <ClInclude Include="src\unit_type.h">
      <Filter>Header Files</Filter>
    </ClInclude>
    <ClInclude Include="src\unitlist.h">
      <Filter>Header Files</Filter>
    </ClInclude>
    <ClInclude Include="src\unitsearch.h">
      <Filter>Header Files</Filter>
    </ClInclude>
    <ClInclude Include="src\unitsearch_cache.h">
      <Filter>Header Files</Filter>
    </ClInclude>
    <ClInclude Include="src\unsorted_list.h">
      <Filter>Header Files</Filter>
    </ClInclude>
    <ClInclude Include="src\upgrade.h">
      <Filter>Header Files</Filter>
    </ClInclude>
    <ClInclude Include="src\warn.h">
      <Filter>Header Files</Filter>
    </ClInclude>
    <ClInclude Include="src\yms.h">
      <Filter>Header Files</Filter>
    </ClInclude>
    <ClInclude Include="src\patch\func.hpp">
      <Filter>Source Files\patch</Filter>
    </ClInclude>
    <ClInclude Include="src\possearch.hpp">
      <Filter>Source Files</Filter>
    </ClInclude>
    <ClInclude Include="src\unitsearch.hpp">
      <Filter>Source Files</Filter>
    </ClInclude>
    <ClInclude Include="src\unitsearch_cache.hpp">
      <Filter>Source Files</Filter>
    </ClInclude>
  </ItemGroup>
  <ItemGroup>
  </ItemGroup>
</Project>